
Microsoft Visual Studio Solution File, Format Version 12.00
# Visual Studio 15
VisualStudioVersion = 15.0.28307.421
MinimumVisualStudioVersion = 10.0.40219.1
Project("{FAE04EC0-301F-11D3-BF4B-00C04F79EFBC}") = "LoginRegister.API", "LoginRegister.API\LoginRegister.API.csproj", "{7FF60DF7-D511-4AE4-BD1C-7D65A9243E9D}"
EndProject
Global
	GlobalSection(SolutionConfigurationPlatforms) = preSolution
		Debug|Any CPU = Debug|Any CPU
		Release|Any CPU = Release|Any CPU
	EndGlobalSection
	GlobalSection(ProjectConfigurationPlatforms) = postSolution
		{7FF60DF7-D511-4AE4-BD1C-7D65A9243E9D}.Debug|Any CPU.ActiveCfg = Debug|Any CPU
		{7FF60DF7-D511-4AE4-BD1C-7D65A9243E9D}.Debug|Any CPU.Build.0 = Debug|Any CPU
		{7FF60DF7-D511-4AE4-BD1C-7D65A9243E9D}.Release|Any CPU.ActiveCfg = Release|Any CPU
		{7FF60DF7-D511-4AE4-BD1C-7D65A9243E9D}.Release|Any CPU.Build.0 = Release|Any CPU
	EndGlobalSection
	GlobalSection(SolutionProperties) = preSolution
		HideSolutionNode = FALSE
	EndGlobalSection
	GlobalSection(ExtensibilityGlobals) = postSolution
		SolutionGuid = {4620EB9F-F0E7-4441-90CB-63DA93FFA8FF}
	EndGlobalSection
EndGlobal
